{
  "version": 4,
  "terraform_version": "0.14.7",
  "serial": 131,
  "lineage": "a0ea78f4-45f7-5833-87df-64c57dfec5df",
  "outputs": {
    "agent_ipv4": {
      "value": [
        "168.119.186.221",
        "188.34.161.161"
      ],
      "type": [
        "tuple",
        [
          "string",
          "string"
        ]
      ]
    },
    "agent_ipv6": {
      "value": [
        "2a01:4f8:c010:6dc0::1",
        "2a01:4f8:c010:6f48::1"
      ],
      "type": [
        "tuple",
        [
          "string",
          "string"
        ]
      ]
    },
    "ipv4": {
      "value": "167.233.8.244",
      "type": "string"
    },
    "ipv6": {
      "value": "2a01:4f8:1c1d:1ac::1",
      "type": "string"
    },
    "master_ipv4": {
      "value": [
        "188.34.160.158",
        "188.34.160.134",
        "188.34.160.180"
      ],
      "type": [
        "tuple",
        [
          "string",
          "string",
          "string"
        ]
      ]
    },
    "master_ipv6": {
      "value": [
        "2a01:4f8:c010:6f49::1",
        "2a01:4f8:c010:52f2::1",
        "2a01:4f8:c010:6258::1"
      ],
      "type": [
        "tuple",
        [
          "string",
          "string",
          "string"
        ]
      ]
    }
  },
  "resources": [
    {
      "mode": "managed",
      "type": "hcloud_ssh_key",
      "name": "root",
      "provider": "provider[\"registry.terraform.io/hetznercloud/hcloud\"]",
      "instances": [
        {
          "schema_version": 0,
          "attributes": {
            "fingerprint": "47:3b:01:b8:36:17:9e:73:db:34:46:fd:fe:cc:a2:aa",
            "id": "3088881",
            "labels": null,
            "name": "root",
            "public_key": "ssh-ed25519 AAAAC3NzaC1lZDI1NTE5AAAAIBMxpjTFoIm19ekf/y1ia9DGitXiuYRdgSpAnhRNPstj cosmin@uhl-services.ch\n"
          },
          "sensitive_attributes": [],
          "private": "bnVsbA=="
        }
      ]
    },
    {
      "module": "module.agentpool",
      "mode": "managed",
      "type": "hcloud_server",
      "name": "agent",
      "provider": "module.agentpool.provider[\"registry.terraform.io/hetznercloud/hcloud\"]",
      "instances": [
        {
          "index_key": 0,
          "schema_version": 0,
          "attributes": {
            "backup_window": "14-18",
            "backups": true,
            "datacenter": "fsn1-dc14",
            "firewall_ids": null,
            "id": "10597387",
            "image": "ubuntu-20.04",
            "ipv4_address": "168.119.186.221",
            "ipv6_address": "2a01:4f8:c010:6dc0::1",
            "ipv6_network": "2a01:4f8:c010:6dc0::/64",
            "iso": null,
            "keep_disk": false,
            "labels": {
              "agent": "true",
              "cluster": "UHL"
            },
            "location": "fsn1",
            "name": "UHL-agent-0",
            "network": [],
            "rescue": null,
            "server_type": "cx21",
            "ssh_keys": [
              "root"
            ],
            "status": "running",
            "user_data": "4xDdfB/KHWQPY56aYY0vujWJe54="
          },
          "sensitive_attributes": [],
          "private": "bnVsbA==",
          "dependencies": [
            "hcloud_ssh_key.root",
            "module.clusterbase.hcloud_load_balancer.clustername_controlplane",
            "module.clusterbase.hcloud_load_balancer_network.clustername",
            "module.clusterbase.hcloud_network.clustername"
          ]
        },
        {
          "index_key": 1,
          "schema_version": 0,
          "attributes": {
            "backup_window": "10-14",
            "backups": true,
            "datacenter": "fsn1-dc14",
            "firewall_ids": null,
            "id": "10597384",
            "image": "ubuntu-20.04",
            "ipv4_address": "188.34.161.161",
            "ipv6_address": "2a01:4f8:c010:6f48::1",
            "ipv6_network": "2a01:4f8:c010:6f48::/64",
            "iso": null,
            "keep_disk": false,
            "labels": {
              "agent": "true",
              "cluster": "UHL"
            },
            "location": "fsn1",
            "name": "UHL-agent-1",
            "network": [],
            "rescue": null,
            "server_type": "cx21",
            "ssh_keys": [
              "root"
            ],
            "status": "running",
            "user_data": "4xDdfB/KHWQPY56aYY0vujWJe54="
          },
          "sensitive_attributes": [],
          "private": "bnVsbA==",
          "dependencies": [
            "hcloud_ssh_key.root",
            "module.clusterbase.hcloud_load_balancer.clustername_controlplane",
            "module.clusterbase.hcloud_load_balancer_network.clustername",
            "module.clusterbase.hcloud_network.clustername"
          ]
        }
      ]
    },
    {
      "module": "module.agentpool",
      "mode": "managed",
      "type": "hcloud_server_network",
      "name": "agent",
      "provider": "module.agentpool.provider[\"registry.terraform.io/hetznercloud/hcloud\"]",
      "instances": [
        {
          "index_key": 0,
          "schema_version": 0,
          "attributes": {
            "alias_ips": null,
            "id": "10597387-1060294",
            "ip": "10.0.0.7",
            "mac_address": "86:00:00:9f:e1:43",
            "network_id": 1060294,
            "server_id": 10597387,
            "subnet_id": null
          },
          "sensitive_attributes": [],
          "private": "bnVsbA==",
          "dependencies": [
            "hcloud_ssh_key.root",
            "module.agentpool.hcloud_server.agent",
            "module.clusterbase.hcloud_load_balancer.clustername_controlplane",
            "module.clusterbase.hcloud_load_balancer_network.clustername",
            "module.clusterbase.hcloud_network.clustername"
          ]
        },
        {
          "index_key": 1,
          "schema_version": 0,
          "attributes": {
            "alias_ips": null,
            "id": "10597384-1060294",
            "ip": "10.0.0.3",
            "mac_address": "86:00:00:9f:e1:3d",
            "network_id": 1060294,
            "server_id": 10597384,
            "subnet_id": null
          },
          "sensitive_attributes": [],
          "private": "bnVsbA==",
          "dependencies": [
            "hcloud_ssh_key.root",
            "module.agentpool.hcloud_server.agent",
            "module.clusterbase.hcloud_load_balancer.clustername_controlplane",
            "module.clusterbase.hcloud_load_balancer_network.clustername",
            "module.clusterbase.hcloud_network.clustername"
          ]
        }
      ]
    },
    {
      "module": "module.clusterbase",
      "mode": "managed",
      "type": "hcloud_load_balancer",
      "name": "clustername_controlplane",
      "provider": "module.clusterbase.provider[\"registry.terraform.io/hetznercloud/hcloud\"]",
      "instances": [
        {
          "schema_version": 0,
          "attributes": {
            "algorithm": [
              {
                "type": "round_robin"
              }
            ],
            "id": "236383",
            "ipv4": "167.233.8.244",
            "ipv6": "2a01:4f8:1c1d:1ac::1",
            "labels": {},
            "load_balancer_type": "lb11",
            "location": "nbg1",
            "name": "clustername_controlplane",
            "network_id": null,
            "network_ip": null,
            "network_zone": "eu-central",
            "target": []
          },
          "sensitive_attributes": [],
          "private": "bnVsbA=="
        }
      ]
    },
    {
      "module": "module.clusterbase",
      "mode": "managed",
      "type": "hcloud_load_balancer_network",
      "name": "clustername",
      "provider": "module.clusterbase.provider[\"registry.terraform.io/hetznercloud/hcloud\"]",
      "instances": [
        {
          "schema_version": 0,
          "attributes": {
            "enable_public_interface": true,
            "id": "236383-1060294",
            "ip": "10.0.0.2",
            "load_balancer_id": 236383,
            "network_id": 1060294,
            "subnet_id": null
          },
          "sensitive_attributes": [],
          "private": "bnVsbA==",
          "dependencies": [
            "module.clusterbase.hcloud_load_balancer.clustername_controlplane",
            "module.clusterbase.hcloud_network.clustername"
          ]
        }
      ]
    },
    {
      "module": "module.clusterbase",
      "mode": "managed",
      "type": "hcloud_load_balancer_service",
      "name": "clustername_joiner",
      "provider": "module.clusterbase.provider[\"registry.terraform.io/hetznercloud/hcloud\"]",
      "instances": [
        {
          "schema_version": 0,
          "attributes": {
            "destination_port": 9345,
            "health_check": [
              {
                "http": [],
                "interval": 5,
                "port": 9345,
                "protocol": "tcp",
                "retries": 5,
                "timeout": 2
              }
            ],
            "http": null,
            "id": "236383__9345",
            "listen_port": 9345,
            "load_balancer_id": "236383",
            "protocol": "tcp",
            "proxyprotocol": false
          },
          "sensitive_attributes": [],
          "private": "bnVsbA==",
          "dependencies": [
            "module.clusterbase.hcloud_load_balancer.clustername_controlplane"
          ]
        }
      ]
    },
    {
      "module": "module.clusterbase",
      "mode": "managed",
      "type": "hcloud_load_balancer_service",
      "name": "clustername_kublet",
      "provider": "module.clusterbase.provider[\"registry.terraform.io/hetznercloud/hcloud\"]",
      "instances": [
        {
          "schema_version": 0,
          "attributes": {
            "destination_port": 6443,
            "health_check": [
              {
                "http": [],
                "interval": 5,
                "port": 6443,
                "protocol": "tcp",
                "retries": 2,
                "timeout": 2
              }
            ],
            "http": null,
            "id": "236383__6443",
            "listen_port": 6443,
            "load_balancer_id": "236383",
            "protocol": "tcp",
            "proxyprotocol": false
          },
          "sensitive_attributes": [],
          "private": "bnVsbA==",
          "dependencies": [
            "module.clusterbase.hcloud_load_balancer.clustername_controlplane"
          ]
        }
      ]
    },
    {
      "module": "module.clusterbase",
      "mode": "managed",
      "type": "hcloud_load_balancer_target",
      "name": "clustername_controlplane",
      "provider": "module.clusterbase.provider[\"registry.terraform.io/hetznercloud/hcloud\"]",
      "instances": [
        {
          "schema_version": 0,
          "attributes": {
            "id": "lb-label-selector-tgt-0069b65465733cceebf1aaa0439b4dfd8f57b92132225a2e05a5aff2782fb389-236383",
            "ip": null,
            "label_selector": "cluster=UHL,master=true",
            "load_balancer_id": 236383,
            "server_id": null,
            "type": "label_selector",
            "use_private_ip": true
          },
          "sensitive_attributes": [],
          "private": "bnVsbA==",
          "dependencies": [
            "module.clusterbase.hcloud_load_balancer.clustername_controlplane",
            "module.clusterbase.hcloud_load_balancer_network.clustername",
            "module.clusterbase.hcloud_network.clustername"
          ]
        }
      ]
    },
    {
      "module": "module.clusterbase",
      "mode": "managed",
      "type": "hcloud_network",
      "name": "clustername",
      "provider": "module.clusterbase.provider[\"registry.terraform.io/hetznercloud/hcloud\"]",
      "instances": [
        {
          "schema_version": 0,
          "attributes": {
            "id": "1060294",
            "ip_range": "10.0.0.0/8",
            "labels": null,
            "name": "UHL"
          },
          "sensitive_attributes": [],
          "private": "bnVsbA=="
        }
      ]
    },
    {
      "module": "module.clusterbase",
      "mode": "managed",
      "type": "hcloud_network_subnet",
      "name": "clustername",
      "provider": "module.clusterbase.provider[\"registry.terraform.io/hetznercloud/hcloud\"]",
      "instances": [
        {
          "schema_version": 0,
          "attributes": {
            "gateway": "10.0.0.1",
            "id": "1060294-10.0.0.0/24",
            "ip_range": "10.0.0.0/24",
            "network_id": 1060294,
            "network_zone": "eu-central",
            "type": "cloud",
            "vswitch_id": null
          },
          "sensitive_attributes": [],
          "private": "bnVsbA==",
          "dependencies": [
            "module.clusterbase.hcloud_network.clustername"
          ]
        }
      ]
    },
    {
      "module": "module.masterpool",
      "mode": "managed",
      "type": "hcloud_server",
      "name": "master",
      "provider": "module.masterpool.provider[\"registry.terraform.io/hetznercloud/hcloud\"]",
      "instances": [
        {
          "index_key": 0,
          "schema_version": 0,
          "attributes": {
            "backup_window": "14-18",
            "backups": true,
            "datacenter": "fsn1-dc14",
            "firewall_ids": null,
            "id": "10597385",
            "image": "ubuntu-20.04",
            "ipv4_address": "188.34.160.158",
            "ipv6_address": "2a01:4f8:c010:6f49::1",
            "ipv6_network": "2a01:4f8:c010:6f49::/64",
            "iso": null,
            "keep_disk": false,
            "labels": {
              "cluster": "UHL",
              "master": "true"
            },
            "location": "fsn1",
            "name": "UHL-master-0",
            "network": [],
            "rescue": null,
            "server_type": "cx21-ceph",
            "ssh_keys": [
              "root"
            ],
            "status": "running",
            "user_data": "lKrPSCTo5zLeqDoUs1JXCLolo1c="
          },
          "sensitive_attributes": [],
          "private": "bnVsbA==",
          "dependencies": [
            "hcloud_ssh_key.root",
            "module.clusterbase.hcloud_load_balancer.clustername_controlplane",
            "module.clusterbase.hcloud_load_balancer_network.clustername",
            "module.clusterbase.hcloud_network.clustername"
          ]
        },
        {
          "index_key": 1,
          "schema_version": 0,
          "attributes": {
            "backup_window": "10-14",
            "backups": true,
            "datacenter": "fsn1-dc14",
            "firewall_ids": null,
            "id": "10597386",
            "image": "ubuntu-20.04",
            "ipv4_address": "188.34.160.134",
            "ipv6_address": "2a01:4f8:c010:52f2::1",
            "ipv6_network": "2a01:4f8:c010:52f2::/64",
            "iso": null,
            "keep_disk": false,
            "labels": {
              "cluster": "UHL",
              "master": "true"
            },
            "location": "fsn1",
            "name": "UHL-master-1",
            "network": [],
            "rescue": null,
            "server_type": "cx21-ceph",
            "ssh_keys": [
              "root"
            ],
            "status": "running",
            "user_data": "YHwT7iFKoNtJyJfCLPA6PP1kPyo="
          },
          "sensitive_attributes": [],
          "private": "bnVsbA==",
          "dependencies": [
            "hcloud_ssh_key.root",
            "module.clusterbase.hcloud_load_balancer.clustername_controlplane",
            "module.clusterbase.hcloud_load_balancer_network.clustername",
            "module.clusterbase.hcloud_network.clustername"
          ]
        },
        {
          "index_key": 2,
          "schema_version": 0,
          "attributes": {
            "backup_window": "22-02",
            "backups": true,
            "datacenter": "fsn1-dc14",
            "firewall_ids": null,
            "id": "10597383",
            "image": "ubuntu-20.04",
            "ipv4_address": "188.34.160.180",
            "ipv6_address": "2a01:4f8:c010:6258::1",
            "ipv6_network": "2a01:4f8:c010:6258::/64",
            "iso": null,
            "keep_disk": false,
            "labels": {
              "cluster": "UHL",
              "master": "true"
            },
            "location": "fsn1",
            "name": "UHL-master-2",
            "network": [],
            "rescue": null,
            "server_type": "cx21-ceph",
            "ssh_keys": [
              "root"
            ],
            "status": "running",
            "user_data": "24f0N9alCjTChR/SDGgH+09eCy4="
          },
          "sensitive_attributes": [],
          "private": "bnVsbA==",
          "dependencies": [
            "hcloud_ssh_key.root",
            "module.clusterbase.hcloud_load_balancer.clustername_controlplane",
            "module.clusterbase.hcloud_load_balancer_network.clustername",
            "module.clusterbase.hcloud_network.clustername"
          ]
        }
      ]
    },
    {
      "module": "module.masterpool",
      "mode": "managed",
      "type": "hcloud_server_network",
      "name": "master",
      "provider": "module.masterpool.provider[\"registry.terraform.io/hetznercloud/hcloud\"]",
      "instances": [
        {
          "index_key": 0,
          "schema_version": 0,
          "attributes": {
            "alias_ips": null,
            "id": "10597385-1060294",
            "ip": "10.0.0.5",
            "mac_address": "86:00:00:9f:e1:41",
            "network_id": 1060294,
            "server_id": 10597385,
            "subnet_id": null
          },
          "sensitive_attributes": [],
          "private": "bnVsbA==",
          "dependencies": [
            "hcloud_ssh_key.root",
            "module.clusterbase.hcloud_load_balancer.clustername_controlplane",
            "module.clusterbase.hcloud_load_balancer_network.clustername",
            "module.clusterbase.hcloud_network.clustername",
            "module.masterpool.hcloud_server.master"
          ]
        },
        {
          "index_key": 1,
          "schema_version": 0,
          "attributes": {
            "alias_ips": null,
            "id": "10597386-1060294",
            "ip": "10.0.0.6",
            "mac_address": "86:00:00:9f:e1:42",
            "network_id": 1060294,
            "server_id": 10597386,
            "subnet_id": null
          },
          "sensitive_attributes": [],
          "private": "bnVsbA==",
          "dependencies": [
            "hcloud_ssh_key.root",
            "module.clusterbase.hcloud_load_balancer.clustername_controlplane",
            "module.clusterbase.hcloud_load_balancer_network.clustername",
            "module.clusterbase.hcloud_network.clustername",
            "module.masterpool.hcloud_server.master"
          ]
        },
        {
          "index_key": 2,
          "schema_version": 0,
          "attributes": {
            "alias_ips": null,
            "id": "10597383-1060294",
            "ip": "10.0.0.4",
            "mac_address": "86:00:00:9f:e1:3e",
            "network_id": 1060294,
            "server_id": 10597383,
            "subnet_id": null
          },
          "sensitive_attributes": [],
          "private": "bnVsbA==",
          "dependencies": [
            "hcloud_ssh_key.root",
            "module.clusterbase.hcloud_load_balancer.clustername_controlplane",
            "module.clusterbase.hcloud_load_balancer_network.clustername",
            "module.clusterbase.hcloud_network.clustername",
            "module.masterpool.hcloud_server.master"
          ]
        }
      ]
    }
  ]
}
